
Microsoft Visual Studio Solution File, Format Version 12.00
# Visual Studio 15
VisualStudioVersion = 15.0.27130.2024
MinimumVisualStudioVersion = 10.0.40219.1
Project("{9A19103F-16F7-4668-BE54-9A1E7A4F7556}") = "NeuNet.ConsoleApp", "NeuNet.ConsoleApp\NeuNet.ConsoleApp.csproj", "{7BA29693-F35B-44EF-8E91-81D7C4D08F22}"
EndProject
Project("{9A19103F-16F7-4668-BE54-9A1E7A4F7556}") = "NeuNet.Neural", "NeuNet.Neural\NeuNet.Neural.csproj", "{C3E62571-7AAE-4E75-AF61-D3F220FB1664}"
EndProject
Project("{FAE04EC0-301F-11D3-BF4B-00C04F79EFBC}") = "WinFormsApp", "WinFormsApp\WinFormsApp.csproj", "{C5CAF333-5E8D-4FE4-AC1F-CECF77B84D85}"
EndProject
Global
	GlobalSection(SolutionConfigurationPlatforms) = preSolution
		Debug|Any CPU = Debug|Any CPU
		Release|Any CPU = Release|Any CPU
	EndGlobalSection
	GlobalSection(ProjectConfigurationPlatforms) = postSolution
		{7BA29693-F35B-44EF-8E91-81D7C4D08F22}.Debug|Any CPU.ActiveCfg = Debug|Any CPU
		{7BA29693-F35B-44EF-8E91-81D7C4D08F22}.Debug|Any CPU.Build.0 = Debug|Any CPU
		{7BA29693-F35B-44EF-8E91-81D7C4D08F22}.Release|Any CPU.ActiveCfg = Release|Any CPU
		{7BA29693-F35B-44EF-8E91-81D7C4D08F22}.Release|Any CPU.Build.0 = Release|Any CPU
		{C3E62571-7AAE-4E75-AF61-D3F220FB1664}.Debug|Any CPU.ActiveCfg = Debug|Any CPU
		{C3E62571-7AAE-4E75-AF61-D3F220FB1664}.Debug|Any CPU.Build.0 = Debug|Any CPU
		{C3E62571-7AAE-4E75-AF61-D3F220FB1664}.Release|Any CPU.ActiveCfg = Release|Any CPU
		{C3E62571-7AAE-4E75-AF61-D3F220FB1664}.Release|Any CPU.Build.0 = Release|Any CPU
		{C5CAF333-5E8D-4FE4-AC1F-CECF77B84D85}.Debug|Any CPU.ActiveCfg = Debug|Any CPU
		{C5CAF333-5E8D-4FE4-AC1F-CECF77B84D85}.Debug|Any CPU.Build.0 = Debug|Any CPU
		{C5CAF333-5E8D-4FE4-AC1F-CECF77B84D85}.Release|Any CPU.ActiveCfg = Release|Any CPU
		{C5CAF333-5E8D-4FE4-AC1F-CECF77B84D85}.Release|Any CPU.Build.0 = Release|Any CPU
	EndGlobalSection
	GlobalSection(SolutionProperties) = preSolution
		HideSolutionNode = FALSE
	EndGlobalSection
	GlobalSection(ExtensibilityGlobals) = postSolution
		SolutionGuid = {654690ED-065E-47E5-9C1C-978BE28312C5}
	EndGlobalSection
EndGlobal
